
Microsoft Visual Studio Solution File, Format Version 12.00
# Visual Studio Version 17
VisualStudioVersion = 17.5.002.0
MinimumVisualStudioVersion = 10.0.40219.1
Project("{9A19103F-16F7-4668-BE54-9A1E7A4F7556}") = "retailStore", "retailStore.csproj", "{B381ABFB-3183-4799-A004-2B36D4AAEA5B}"
EndProject
Global
	GlobalSection(SolutionConfigurationPlatforms) = preSolution
		Debug|Any CPU = Debug|Any CPU
		Release|Any CPU = Release|Any CPU
	EndGlobalSection
	GlobalSection(ProjectConfigurationPlatforms) = postSolution
		{B381ABFB-3183-4799-A004-2B36D4AAEA5B}.Debug|Any CPU.ActiveCfg = Debug|Any CPU
		{B381ABFB-3183-4799-A004-2B36D4AAEA5B}.Debug|Any CPU.Build.0 = Debug|Any CPU
		{B381ABFB-3183-4799-A004-2B36D4AAEA5B}.Release|Any CPU.ActiveCfg = Release|Any CPU
		{B381ABFB-3183-4799-A004-2B36D4AAEA5B}.Release|Any CPU.Build.0 = Release|Any CPU
	EndGlobalSection
	GlobalSection(SolutionProperties) = preSolution
		HideSolutionNode = FALSE
	EndGlobalSection
	GlobalSection(ExtensibilityGlobals) = postSolution
		SolutionGuid = {D1C7E15F-DB25-4B83-8C99-6F5C627545E7}
	EndGlobalSection
EndGlobal
